
Microsoft Visual Studio Solution File, Format Version 12.00
# Visual Studio Version 16
VisualStudioVersion = 16.0.29001.49
MinimumVisualStudioVersion = 10.0.40219.1
Project("{FAE04EC0-301F-11D3-BF4B-00C04F79EFBC}") = "MVC_Core_Entity_ToDoList_01", "MVC_Core_Entity_ToDoList_01.csproj", "{11364760-2A2A-4B24-98FD-28BB0471905A}"
EndProject
Global
	GlobalSection(SolutionConfigurationPlatforms) = preSolution
		Debug|Any CPU = Debug|Any CPU
		Release|Any CPU = Release|Any CPU
	EndGlobalSection
	GlobalSection(ProjectConfigurationPlatforms) = postSolution
		{11364760-2A2A-4B24-98FD-28BB0471905A}.Debug|Any CPU.ActiveCfg = Debug|Any CPU
		{11364760-2A2A-4B24-98FD-28BB0471905A}.Debug|Any CPU.Build.0 = Debug|Any CPU
		{11364760-2A2A-4B24-98FD-28BB0471905A}.Release|Any CPU.ActiveCfg = Release|Any CPU
		{11364760-2A2A-4B24-98FD-28BB0471905A}.Release|Any CPU.Build.0 = Release|Any CPU
	EndGlobalSection
	GlobalSection(SolutionProperties) = preSolution
		HideSolutionNode = FALSE
	EndGlobalSection
	GlobalSection(ExtensibilityGlobals) = postSolution
		SolutionGuid = {4C27D110-3A6E-4C04-A208-9D1EB4C0C282}
	EndGlobalSection
EndGlobal
